
Microsoft Visual Studio Solution File, Format Version 12.00
# Visual Studio Version 17
VisualStudioVersion = 17.2.32630.192
MinimumVisualStudioVersion = 10.0.40219.1
Project("{FAE04EC0-301F-11D3-BF4B-00C04F79EFBC}") = "PedraPapelTesoura", "PedraPapelTesoura.csproj", "{FACF65EB-C4E0-4417-A095-117712E11A0B}"
EndProject
Global
	GlobalSection(SolutionConfigurationPlatforms) = preSolution
		Debug|Any CPU = Debug|Any CPU
		Release|Any CPU = Release|Any CPU
	EndGlobalSection
	GlobalSection(ProjectConfigurationPlatforms) = postSolution
		{FACF65EB-C4E0-4417-A095-117712E11A0B}.Debug|Any CPU.ActiveCfg = Debug|Any CPU
		{FACF65EB-C4E0-4417-A095-117712E11A0B}.Debug|Any CPU.Build.0 = Debug|Any CPU
		{FACF65EB-C4E0-4417-A095-117712E11A0B}.Release|Any CPU.ActiveCfg = Release|Any CPU
		{FACF65EB-C4E0-4417-A095-117712E11A0B}.Release|Any CPU.Build.0 = Release|Any CPU
	EndGlobalSection
	GlobalSection(SolutionProperties) = preSolution
		HideSolutionNode = FALSE
	EndGlobalSection
	GlobalSection(ExtensibilityGlobals) = postSolution
		SolutionGuid = {D0E1E03E-184F-43B9-9B29-57DC6B33F3B2}
	EndGlobalSection
EndGlobal
